
Microsoft Visual Studio Solution File, Format Version 12.00
# Visual Studio Version 17
VisualStudioVersion = 17.3.32929.385
MinimumVisualStudioVersion = 10.0.40219.1
Project("{FAE04EC0-301F-11D3-BF4B-00C04F79EFBC}") = "disbot2_FIN", "disbot2_FIN\disbot2_FIN.csproj", "{543AA5FF-02F0-41A7-A1E2-D30B3EA45062}"
EndProject
Global
	GlobalSection(SolutionConfigurationPlatforms) = preSolution
		Debug|Any CPU = Debug|Any CPU
		Release|Any CPU = Release|Any CPU
	EndGlobalSection
	GlobalSection(ProjectConfigurationPlatforms) = postSolution
		{543AA5FF-02F0-41A7-A1E2-D30B3EA45062}.Debug|Any CPU.ActiveCfg = Debug|Any CPU
		{543AA5FF-02F0-41A7-A1E2-D30B3EA45062}.Debug|Any CPU.Build.0 = Debug|Any CPU
		{543AA5FF-02F0-41A7-A1E2-D30B3EA45062}.Release|Any CPU.ActiveCfg = Release|Any CPU
		{543AA5FF-02F0-41A7-A1E2-D30B3EA45062}.Release|Any CPU.Build.0 = Release|Any CPU
	EndGlobalSection
	GlobalSection(SolutionProperties) = preSolution
		HideSolutionNode = FALSE
	EndGlobalSection
	GlobalSection(ExtensibilityGlobals) = postSolution
		SolutionGuid = {D600DB99-A86F-4BB8-9FF6-7797B49E2F74}
	EndGlobalSection
EndGlobal
